// !$*UTF8*$!
{
	archiveVersion = 1;
	classes = {
	};
	objectVersion = 46;
	objects = {
		531BFBF13628BB2FEC7F7C21 = {
			isa = PBXBuildFile;
			fileRef = 763354BCBD566C5A051054F4;
		};
		FD817708618185768224B42C = {
			isa = PBXBuildFile;
			fileRef = 0FC14B0484BAF829D17A5DF7;
		};
		7CD1721693D484C401C99B08 = {
			isa = PBXBuildFile;
			fileRef = EF7BD2D23D890BB93A2F8CD0;
		};
		A9B8CB453743B5AD01655820 = {
			isa = PBXBuildFile;
			fileRef = D54735FCA20A2383514F39F2;
		};
		FB29200B330532B25B3CF22A = {
			isa = PBXBuildFile;
			fileRef = 400DA31FD3B94A03EDE8FBE4;
		};
		4C757E5BD451334A9D1CAFC9 = {
			isa = PBXBuildFile;
			fileRef = 0BFD8AECB8A79CE564DC0890;
		};
		F45051E5FE54B6B622ACBE46 = {
			isa = PBXBuildFile;
			fileRef = 6D613CFE4B5DBECE2C0595B4;
		};
		7B9D180AA799AE2959CC89CC = {
			isa = PBXBuildFile;
			fileRef = 0DC92E31A0BBB98A7497D097;
		};
		31AC9DA16772E2C61E7EAF2D = {
			isa = PBXBuildFile;
			fileRef = 2A9A6150462B56137990A79B;
		};
		3A62D8C453683C910114D087 = {
			isa = PBXBuildFile;
			fileRef = 24224C226E730DE932888D3A;
		};
		F66F6A455D85E4FACA7C3116 = {
			isa = PBXBuildFile;
			fileRef = 2C2A4A9A5699E1BE98C9A6C3;
		};
		E25A3CC2EAC9D2E4EC33A242 = {
			isa = PBXBuildFile;
			fileRef = 273D8DEEE59D207F724F2332;
		};
		4C4811FCC0C3A55EBE300CFA = {
			isa = PBXBuildFile;
			fileRef = 561389F94B36F95F567083DF;
		};
		017ACC62018BE593601DCFF9 = {
			isa = PBXBuildFile;
			fileRef = 47449432FE5E125B83734566;
		};
		5C7DC5D583EECB469F90126F = {
			isa = PBXBuildFile;
			fileRef = 8EC353578755ACBEBB02F66E;
		};
		63AE9D27A9BA696CA14B3634 = {
			isa = PBXBuildFile;
			fileRef = 067B1845A54C9697C8FB6D7F;
		};
		E59443FFCDCE393FA3694CAB = {
			isa = PBXBuildFile;
			fileRef = 49BEE2C0AA0B8C7C5F598581;
		};
		83C8796D86B5F65D2F7B63BB = {
			isa = PBXBuildFile;
			fileRef = 5DA493C5586116A6AE4973EB;
		};
		DAAD77085BFD9710ECC12A20 = {
			isa = PBXBuildFile;
			fileRef = C041E37792CD37F9C2B933AF;
		};
		2E9C360543ED9C462F348345 = {
			isa = PBXBuildFile;
			fileRef = D1994663E1637B1001DE1156;
		};
		75E33AB8D3F4C9A57B0A62DB = {
			isa = PBXBuildFile;
			fileRef = 6F05FCAD0BD0035DC8741635;
		};
		8B575FB5669C0A4FF8040869 = {
			isa = PBXBuildFile;
			fileRef = E72423DA5CD5EF1D59C4E5BD;
		};
		067B1845A54C9697C8FB6D7F = {
			isa = PBXFileReference;
			lastKnownFileType = sourcecode.cpp.objcpp;
			name = "include_juce_audio_formats.mm";
			path = "../../JuceLibraryCode/include_juce_audio_formats.mm";
			sourceTree = "SOURCE_ROOT";
		};
		0BFD8AECB8A79CE564DC0890 = {
			isa = PBXFileReference;
			lastKnownFileType = wrapper.framework;
			name = CoreAudio.framework;
			path = System/Library/Frameworks/CoreAudio.framework;
			sourceTree = SDKROOT;
		};
		0DC92E31A0BBB98A7497D097 = {
			isa = PBXFileReference;
			lastKnownFileType = wrapper.framework;
			name = IOKit.framework;
			path = System/Library/Frameworks/IOKit.framework;
			sourceTree = SDKROOT;
		};
		0F6F7328C8BDCF75B7696418 = {
			isa = PBXFileReference;
			lastKnownFileType = file;
			name = "juce_gui_extra";
			path = "../../../JUCE/modules/juce_gui_extra";
			sourceTree = "SOURCE_ROOT";
		};
		0FC14B0484BAF829D17A5DF7 = {
			isa = PBXFileReference;
			lastKnownFileType = wrapper.framework;
			name = Accelerate.framework;
			path = System/Library/Frameworks/Accelerate.framework;
			sourceTree = SDKROOT;
		};
		24224C226E730DE932888D3A = {
			isa = PBXFileReference;
			lastKnownFileType = wrapper.framework;
			name = WebKit.framework;
			path = System/Library/Frameworks/WebKit.framework;
			sourceTree = SDKROOT;
		};
		273D8DEEE59D207F724F2332 = {
			isa = PBXFileReference;
			lastKnownFileType = sourcecode.cpp.cpp;
			name = MainComponent.cpp;
			path = ../../Source/MainComponent.cpp;
			sourceTree = "SOURCE_ROOT";
		};
		298C85432F815F21ACF3062C = {
			isa = PBXFileReference;
			lastKnownFileType = file;
			name = "juce_events";
			path = "../../../JUCE/modules/juce_events";
			sourceTree = "SOURCE_ROOT";
		};
		2A9A6150462B56137990A79B = {
			isa = PBXFileReference;
			lastKnownFileType = wrapper.framework;
			name = QuartzCore.framework;
			path = System/Library/Frameworks/QuartzCore.framework;
			sourceTree = SDKROOT;
		};
		2C2A4A9A5699E1BE98C9A6C3 = {
			isa = PBXFileReference;
			lastKnownFileType = file.nib;
			name = RecentFilesMenuTemplate.nib;
			path = RecentFilesMenuTemplate.nib;
			sourceTree = "SOURCE_ROOT";
		};
		400DA31FD3B94A03EDE8FBE4 = {
			isa = PBXFileReference;
			lastKnownFileType = wrapper.framework;
			name = Cocoa.framework;
			path = System/Library/Frameworks/Cocoa.framework;
			sourceTree = SDKROOT;
		};
		47449432FE5E125B83734566 = {
			isa = PBXFileReference;
			lastKnownFileType = sourcecode.cpp.objcpp;
			name = "include_juce_audio_basics.mm";
			path = "../../JuceLibraryCode/include_juce_audio_basics.mm";
			sourceTree = "SOURCE_ROOT";
		};
		49BEE2C0AA0B8C7C5F598581 = {
			isa = PBXFileReference;
			lastKnownFileType = sourcecode.cpp.objcpp;
			name = "include_juce_core.mm";
			path = "../../JuceLibraryCode/include_juce_core.mm";
			sourceTree = "SOURCE_ROOT";
		};
		4B7D4D107A13E1F29F37DFA6 = {
			isa = PBXFileReference;
			lastKnownFileType = file;
			name = "juce_audio_basics";
			path = "../../../JUCE/modules/juce_audio_basics";
			sourceTree = "SOURCE_ROOT";
		};
		5376C39C7C1A44D83B6386EB = {
			isa = PBXFileReference;
			lastKnownFileType = file;
			name = "juce_audio_formats";
			path = "../../../JUCE/modules/juce_audio_formats";
			sourceTree = "SOURCE_ROOT";
		};
		561389F94B36F95F567083DF = {
			isa = PBXFileReference;
			lastKnownFileType = sourcecode.cpp.cpp;
			name = Main.cpp;
			path = ../../Source/Main.cpp;
			sourceTree = "SOURCE_ROOT";
		};
		5DA493C5586116A6AE4973EB = {
			isa = PBXFileReference;
			lastKnownFileType = sourcecode.cpp.objcpp;
			name = "include_juce_data_structures.mm";
			path = "../../JuceLibraryCode/include_juce_data_structures.mm";
			sourceTree = "SOURCE_ROOT";
		};
		6D613CFE4B5DBECE2C0595B4 = {
			isa = PBXFileReference;
			lastKnownFileType = wrapper.framework;
			name = CoreMIDI.framework;
			path = System/Library/Frameworks/CoreMIDI.framework;
			sourceTree = SDKROOT;
		};
		6F05FCAD0BD0035DC8741635 = {
			isa = PBXFileReference;
			lastKnownFileType = sourcecode.cpp.objcpp;
			name = "include_juce_gui_basics.mm";
			path = "../../JuceLibraryCode/include_juce_gui_basics.mm";
			sourceTree = "SOURCE_ROOT";
		};
		763354BCBD566C5A051054F4 = {
			isa = PBXFileReference;
			explicitFileType = wrapper.application;
			includeInIndex = 0;
			path = SimpleMidiMonitor.app;
			sourceTree = "BUILT_PRODUCTS_DIR";
		};
		797E71A85F8EC97D0E03E26A = {
			isa = PBXFileReference;
			lastKnownFileType = text.plist.xml;
			name = SimpleMidiMonitor.entitlements;
			path = SimpleMidiMonitor.entitlements;
			sourceTree = "SOURCE_ROOT";
		};
		7B21AE0A801F543F2CD98234 = {
			isa = PBXFileReference;
			lastKnownFileType = file;
			name = "juce_graphics";
			path = "../../../JUCE/modules/juce_graphics";
			sourceTree = "SOURCE_ROOT";
		};
		87957762F33B033D6EFA4208 = {
			isa = PBXFileReference;
			lastKnownFileType = text.plist.xml;
			name = "Info-App.plist";
			path = "Info-App.plist";
			sourceTree = "SOURCE_ROOT";
		};
		8EC353578755ACBEBB02F66E = {
			isa = PBXFileReference;
			lastKnownFileType = sourcecode.cpp.objcpp;
			name = "include_juce_audio_devices.mm";
			path = "../../JuceLibraryCode/include_juce_audio_devices.mm";
			sourceTree = "SOURCE_ROOT";
		};
		8F506A050B52757253795AA0 = {
			isa = PBXFileReference;
			lastKnownFileType = file;
			name = "juce_data_structures";
			path = "../../../JUCE/modules/juce_data_structures";
			sourceTree = "SOURCE_ROOT";
		};
		923A727BDC3E56706538256C = {
			isa = PBXFileReference;
			lastKnownFileType = sourcecode.c.h;
			name = MainComponent.h;
			path = ../../Source/MainComponent.h;
			sourceTree = "SOURCE_ROOT";
		};
		A8C0DC82B89302B157ABC523 = {
			isa = PBXFileReference;
			lastKnownFileType = file;
			name = "juce_audio_devices";
			path = "../../../JUCE/modules/juce_audio_devices";
			sourceTree = "SOURCE_ROOT";
		};
		AC07673BAD4B3900FE8D89A6 = {
			isa = PBXFileReference;
			lastKnownFileType = sourcecode.c.h;
			name = JuceHeader.h;
			path = ../../JuceLibraryCode/JuceHeader.h;
			sourceTree = "SOURCE_ROOT";
		};
		C041E37792CD37F9C2B933AF = {
			isa = PBXFileReference;
			lastKnownFileType = sourcecode.cpp.objcpp;
			name = "include_juce_events.mm";
			path = "../../JuceLibraryCode/include_juce_events.mm";
			sourceTree = "SOURCE_ROOT";
		};
		C4029E55E52DE156DD8F2D0A = {
			isa = PBXFileReference;
			lastKnownFileType = sourcecode.c.h;
			name = AppConfig.h;
			path = ../../JuceLibraryCode/AppConfig.h;
			sourceTree = "SOURCE_ROOT";
		};
		D1994663E1637B1001DE1156 = {
			isa = PBXFileReference;
			lastKnownFileType = sourcecode.cpp.objcpp;
			name = "include_juce_graphics.mm";
			path = "../../JuceLibraryCode/include_juce_graphics.mm";
			sourceTree = "SOURCE_ROOT";
		};
		D54735FCA20A2383514F39F2 = {
			isa = PBXFileReference;
			lastKnownFileType = wrapper.framework;
			name = Carbon.framework;
			path = System/Library/Frameworks/Carbon.framework;
			sourceTree = SDKROOT;
		};
		D9D632EE290B48A2DB612B50 = {
			isa = PBXFileReference;
			lastKnownFileType = file;
			name = "juce_gui_basics";
			path = "../../../JUCE/modules/juce_gui_basics";
			sourceTree = "SOURCE_ROOT";
		};
		E72423DA5CD5EF1D59C4E5BD = {
			isa = PBXFileReference;
			lastKnownFileType = sourcecode.cpp.objcpp;
			name = "include_juce_gui_extra.mm";
			path = "../../JuceLibraryCode/include_juce_gui_extra.mm";
			sourceTree = "SOURCE_ROOT";
		};
		EF7BD2D23D890BB93A2F8CD0 = {
			isa = PBXFileReference;
			lastKnownFileType = wrapper.framework;
			name = AudioToolbox.framework;
			path = System/Library/Frameworks/AudioToolbox.framework;
			sourceTree = SDKROOT;
		};
		F0C9B51287F463EBA7E1AB03 = {
			isa = PBXFileReference;
			lastKnownFileType = file;
			name = "juce_core";
			path = "../../../JUCE/modules/juce_core";
			sourceTree = "SOURCE_ROOT";
		};
		F77CE240E560CF26F1AEB500 = {
			isa = PBXGroup;
			children = (
				273D8DEEE59D207F724F2332,
				923A727BDC3E56706538256C,
				561389F94B36F95F567083DF,
			);
			name = Source;
			sourceTree = "<group>";
		};
		460ED7E22C53A27F78EEB745 = {
			isa = PBXGroup;
			children = (
				F77CE240E560CF26F1AEB500,
			);
			name = SimpleMidiMonitor;
			sourceTree = "<group>";
		};
		64E0309DC1ECADAFA32E63A2 = {
			isa = PBXGroup;
			children = (
				4B7D4D107A13E1F29F37DFA6,
				A8C0DC82B89302B157ABC523,
				5376C39C7C1A44D83B6386EB,
				F0C9B51287F463EBA7E1AB03,
				8F506A050B52757253795AA0,
				298C85432F815F21ACF3062C,
				7B21AE0A801F543F2CD98234,
				D9D632EE290B48A2DB612B50,
				0F6F7328C8BDCF75B7696418,
			);
			name = "JUCE Modules";
			sourceTree = "<group>";
		};
		CC93484058354729AC8056C4 = {
			isa = PBXGroup;
			children = (
				C4029E55E52DE156DD8F2D0A,
				47449432FE5E125B83734566,
				8EC353578755ACBEBB02F66E,
				067B1845A54C9697C8FB6D7F,
				49BEE2C0AA0B8C7C5F598581,
				5DA493C5586116A6AE4973EB,
				C041E37792CD37F9C2B933AF,
				D1994663E1637B1001DE1156,
				6F05FCAD0BD0035DC8741635,
				E72423DA5CD5EF1D59C4E5BD,
				AC07673BAD4B3900FE8D89A6,
			);
			name = "JUCE Library Code";
			sourceTree = "<group>";
		};
		015F54E7A96E1CD1DC9BE36F = {
			isa = PBXGroup;
			children = (
				87957762F33B033D6EFA4208,
				2C2A4A9A5699E1BE98C9A6C3,
			);
			name = Resources;
			sourceTree = "<group>";
		};
		EAA3C6923F01E5EAA0BEC2DC = {
			isa = PBXGroup;
			children = (
				0FC14B0484BAF829D17A5DF7,
				EF7BD2D23D890BB93A2F8CD0,
				D54735FCA20A2383514F39F2,
				400DA31FD3B94A03EDE8FBE4,
				0BFD8AECB8A79CE564DC0890,
				6D613CFE4B5DBECE2C0595B4,
				0DC92E31A0BBB98A7497D097,
				2A9A6150462B56137990A79B,
				24224C226E730DE932888D3A,
			);
			name = Frameworks;
			sourceTree = "<group>";
		};
		64C06DF03D518DA9A286FD54 = {
			isa = PBXGroup;
			children = (
				763354BCBD566C5A051054F4,
			);
			name = Products;
			sourceTree = "<group>";
		};
		66207698999681C1B5723A29 = {
			isa = PBXGroup;
			children = (
				460ED7E22C53A27F78EEB745,
				64E0309DC1ECADAFA32E63A2,
				CC93484058354729AC8056C4,
				015F54E7A96E1CD1DC9BE36F,
				EAA3C6923F01E5EAA0BEC2DC,
				64C06DF03D518DA9A286FD54,
			);
			name = Source;
			sourceTree = "<group>";
		};
		187C4B808BB48AFA446DC5B3 = {
			isa = XCBuildConfiguration;
			buildSettings = {
				CLANG_CXX_LANGUAGE_STANDARD = "c++14";
				CLANG_CXX_LIBRARY = "libc++";
				CLANG_LINK_OBJC_RUNTIME = NO;
				CODE_SIGN_IDENTITY = "";
				COMBINE_HIDPI_IMAGES = YES;
				CONFIGURATION_BUILD_DIR = "$(PROJECT_DIR)/build/$(CONFIGURATION)";
				COPY_PHASE_STRIP = NO;
				GCC_DYNAMIC_NO_PIC = NO;
				GCC_OPTIMIZATION_LEVEL = 0;
				GCC_PREPROCESSOR_DEFINITIONS = (
					"_DEBUG=1",
					"DEBUG=1",
					"JUCER_XCODE_MAC_F6D2F4CF=1",
					"JUCE_APP_VERSION=1.0.0",
					"JUCE_APP_VERSION_HEX=0x10000",
					"JucePlugin_Build_VST=0",
					"JucePlugin_Build_VST3=0",
					"JucePlugin_Build_AU=0",
					"JucePlugin_Build_AUv3=0",
					"JucePlugin_Build_RTAS=0",
					"JucePlugin_Build_AAX=0",
					"JucePlugin_Build_Standalone=0",
					"JucePlugin_Build_Unity=0",
				);
				GCC_VERSION = com.apple.compilers.llvm.clang.1_0;
				HEADER_SEARCH_PATHS = (
					"../../JuceLibraryCode",
					"../../../JUCE/modules",
					"$(inherited)",
				);
				INFOPLIST_FILE = Info-App.plist;
				INFOPLIST_PREPROCESS = NO;
				INSTALL_PATH = "$(HOME)/Applications";
				MACOSX_DEPLOYMENT_TARGET = 10.11;
				PRODUCT_BUNDLE_IDENTIFIER = com.yourcompany.SimpleMidiMonitor;
				PRODUCT_NAME = "SimpleMidiMonitor";
				USE_HEADERMAP = NO;
			};
			name = Debug;
		};
		E8EFC8A38BFE2591A5054115 = {
			isa = XCBuildConfiguration;
			buildSettings = {
				CLANG_CXX_LANGUAGE_STANDARD = "c++14";
				CLANG_CXX_LIBRARY = "libc++";
				CLANG_LINK_OBJC_RUNTIME = NO;
				CODE_SIGN_IDENTITY = "";
				COMBINE_HIDPI_IMAGES = YES;
				CONFIGURATION_BUILD_DIR = "$(PROJECT_DIR)/build/$(CONFIGURATION)";
				DEAD_CODE_STRIPPING = YES;
				GCC_GENERATE_DEBUGGING_SYMBOLS = NO;
				GCC_OPTIMIZATION_LEVEL = 3;
				GCC_PREPROCESSOR_DEFINITIONS = (
					"_NDEBUG=1",
					"NDEBUG=1",
					"JUCER_XCODE_MAC_F6D2F4CF=1",
					"JUCE_APP_VERSION=1.0.0",
					"JUCE_APP_VERSION_HEX=0x10000",
					"JucePlugin_Build_VST=0",
					"JucePlugin_Build_VST3=0",
					"JucePlugin_Build_AU=0",
					"JucePlugin_Build_AUv3=0",
					"JucePlugin_Build_RTAS=0",
					"JucePlugin_Build_AAX=0",
					"JucePlugin_Build_Standalone=0",
					"JucePlugin_Build_Unity=0",
				);
				GCC_SYMBOLS_PRIVATE_EXTERN = YES;
				GCC_VERSION = com.apple.compilers.llvm.clang.1_0;
				HEADER_SEARCH_PATHS = (
					"../../JuceLibraryCode",
					"../../../JUCE/modules",
					"$(inherited)",
				);
				INFOPLIST_FILE = Info-App.plist;
				INFOPLIST_PREPROCESS = NO;
				INSTALL_PATH = "$(HOME)/Applications";
				LLVM_LTO = YES;
				MACOSX_DEPLOYMENT_TARGET = 10.11;
				PRODUCT_BUNDLE_IDENTIFIER = com.yourcompany.SimpleMidiMonitor;
				PRODUCT_NAME = "SimpleMidiMonitor";
				USE_HEADERMAP = NO;
			};
			name = Release;
		};
		4AD3E1DE8DFA9B3DA660D264 = {
			isa = XCBuildConfiguration;
			buildSettings = {
				ALWAYS_SEARCH_USER_PATHS = NO;
				CLANG_ENABLE_OBJC_WEAK = YES;
				CLANG_WARN_BLOCK_CAPTURE_AUTORELEASING = YES;
				CLANG_WARN_BOOL_CONVERSION = YES;
				CLANG_WARN_COMMA = YES;
				CLANG_WARN_CONSTANT_CONVERSION = YES;
				CLANG_WARN_DEPRECATED_OBJC_IMPLEMENTATIONS = YES;
				CLANG_WARN_EMPTY_BODY = YES;
				CLANG_WARN_ENUM_CONVERSION = YES;
				CLANG_WARN_INFINITE_RECURSION = YES;
				CLANG_WARN_INT_CONVERSION = YES;
				CLANG_WARN_NON_LITERAL_NULL_CONVERSION = YES;
				CLANG_WARN_OBJC_IMPLICIT_RETAIN_SELF = YES;
				CLANG_WARN_OBJC_LITERAL_CONVERSION = YES;
				CLANG_WARN_RANGE_LOOP_ANALYSIS = YES;
				CLANG_WARN_STRICT_PROTOTYPES = YES;
				CLANG_WARN_SUSPICIOUS_MOVE = YES;
				CLANG_WARN_UNREACHABLE_CODE = YES;
				CLANG_WARN__DUPLICATE_METHOD_MATCH = YES;
				CODE_SIGN_IDENTITY = "";
				DEBUG_INFORMATION_FORMAT = dwarf;
				ENABLE_STRICT_OBJC_MSGSEND = YES;
				ENABLE_TESTABILITY = YES;
				GCC_C_LANGUAGE_STANDARD = c11;
				GCC_INLINES_ARE_PRIVATE_EXTERN = YES;
				GCC_MODEL_TUNING = G5;
				GCC_NO_COMMON_BLOCKS = YES;
				GCC_WARN_64_TO_32_BIT_CONVERSION = YES;
				GCC_WARN_ABOUT_RETURN_TYPE = YES;
				GCC_WARN_CHECK_SWITCH_STATEMENTS = YES;
				GCC_WARN_MISSING_PARENTHESES = YES;
				GCC_WARN_NON_VIRTUAL_DESTRUCTOR = YES;
				GCC_WARN_TYPECHECK_CALLS_TO_PRINTF = YES;
				GCC_WARN_UNDECLARED_SELECTOR = YES;
				GCC_WARN_UNINITIALIZED_AUTOS = YES;
				GCC_WARN_UNUSED_FUNCTION = YES;
				GCC_WARN_UNUSED_VARIABLE = YES;
				ONLY_ACTIVE_ARCH = YES;
				PRODUCT_NAME = "SimpleMidiMonitor";
				WARNING_CFLAGS = "-Wreorder";
				ZERO_LINK = NO;
			};
			name = Debug;
		};
		FDBFA244E79917D47B038292 = {
			isa = XCBuildConfiguration;
			buildSettings = {
				ALWAYS_SEARCH_USER_PATHS = NO;
				CLANG_ENABLE_OBJC_WEAK = YES;
				CLANG_WARN_BLOCK_CAPTURE_AUTORELEASING = YES;
				CLANG_WARN_BOOL_CONVERSION = YES;
				CLANG_WARN_COMMA = YES;
				CLANG_WARN_CONSTANT_CONVERSION = YES;
				CLANG_WARN_DEPRECATED_OBJC_IMPLEMENTATIONS = YES;
				CLANG_WARN_EMPTY_BODY = YES;
				CLANG_WARN_ENUM_CONVERSION = YES;
				CLANG_WARN_INFINITE_RECURSION = YES;
				CLANG_WARN_INT_CONVERSION = YES;
				CLANG_WARN_NON_LITERAL_NULL_CONVERSION = YES;
				CLANG_WARN_OBJC_IMPLICIT_RETAIN_SELF = YES;
				CLANG_WARN_OBJC_LITERAL_CONVERSION = YES;
				CLANG_WARN_RANGE_LOOP_ANALYSIS = YES;
				CLANG_WARN_STRICT_PROTOTYPES = YES;
				CLANG_WARN_SUSPICIOUS_MOVE = YES;
				CLANG_WARN_UNREACHABLE_CODE = YES;
				CLANG_WARN__DUPLICATE_METHOD_MATCH = YES;
				CODE_SIGN_IDENTITY = "";
				DEBUG_INFORMATION_FORMAT = dwarf;
				ENABLE_STRICT_OBJC_MSGSEND = YES;
				GCC_C_LANGUAGE_STANDARD = c11;
				GCC_INLINES_ARE_PRIVATE_EXTERN = YES;
				GCC_MODEL_TUNING = G5;
				GCC_NO_COMMON_BLOCKS = YES;
				GCC_WARN_64_TO_32_BIT_CONVERSION = YES;
				GCC_WARN_ABOUT_RETURN_TYPE = YES;
				GCC_WARN_CHECK_SWITCH_STATEMENTS = YES;
				GCC_WARN_MISSING_PARENTHESES = YES;
				GCC_WARN_NON_VIRTUAL_DESTRUCTOR = YES;
				GCC_WARN_TYPECHECK_CALLS_TO_PRINTF = YES;
				GCC_WARN_UNDECLARED_SELECTOR = YES;
				GCC_WARN_UNINITIALIZED_AUTOS = YES;
				GCC_WARN_UNUSED_FUNCTION = YES;
				GCC_WARN_UNUSED_VARIABLE = YES;
				PRODUCT_NAME = "SimpleMidiMonitor";
				WARNING_CFLAGS = "-Wreorder";
				ZERO_LINK = NO;
			};
			name = Release;
		};
		0E8C1F287C6E888F50B44DA9 = {
			isa = PBXTargetDependency;
			target = 91F1AE0B946037F568BF5A42;
		};
		4407CCEA64C8C59C10C0500B = {
			isa = XCConfigurationList;
			buildConfigurations = (
				4AD3E1DE8DFA9B3DA660D264,
				FDBFA244E79917D47B038292,
			);
			defaultConfigurationIsVisible = 0;
			defaultConfigurationName = Debug;
		};
		604073D84CED520E0493C510 = {
			isa = XCConfigurationList;
			buildConfigurations = (
				187C4B808BB48AFA446DC5B3,
				E8EFC8A38BFE2591A5054115,
			);
			defaultConfigurationIsVisible = 0;
			defaultConfigurationName = Debug;
		};
		D72745168C3178004EF4FC51 = {
			isa = PBXResourcesBuildPhase;
			buildActionMask = 2147483647;
			files = (
				F66F6A455D85E4FACA7C3116,
			);
			runOnlyForDeploymentPostprocessing = 0;
		};
		E0D5CBFA95A91066FC1323C2 = {
			isa = PBXSourcesBuildPhase;
			buildActionMask = 2147483647;
			files = (
				E25A3CC2EAC9D2E4EC33A242,
				4C4811FCC0C3A55EBE300CFA,
				017ACC62018BE593601DCFF9,
				5C7DC5D583EECB469F90126F,
				63AE9D27A9BA696CA14B3634,
				E59443FFCDCE393FA3694CAB,
				83C8796D86B5F65D2F7B63BB,
				DAAD77085BFD9710ECC12A20,
				2E9C360543ED9C462F348345,
				75E33AB8D3F4C9A57B0A62DB,
				8B575FB5669C0A4FF8040869,
			);
			runOnlyForDeploymentPostprocessing = 0;
		};
		6606BF0FDB2F18E1807D7267 = {
			isa = PBXFrameworksBuildPhase;
			buildActionMask = 2147483647;
			files = (
				FD817708618185768224B42C,
				7CD1721693D484C401C99B08,
				A9B8CB453743B5AD01655820,
				FB29200B330532B25B3CF22A,
				4C757E5BD451334A9D1CAFC9,
				F45051E5FE54B6B622ACBE46,
				7B9D180AA799AE2959CC89CC,
				31AC9DA16772E2C61E7EAF2D,
				3A62D8C453683C910114D087,
			);
			runOnlyForDeploymentPostprocessing = 0;
		};
		91F1AE0B946037F568BF5A42 = {
			isa = PBXNativeTarget;
			buildConfigurationList = 604073D84CED520E0493C510;
			buildPhases = (
				D72745168C3178004EF4FC51,
				E0D5CBFA95A91066FC1323C2,
				6606BF0FDB2F18E1807D7267,
			);
			buildRules = ( );
			dependencies = ( );
			name = "SimpleMidiMonitor - App";
			productName = SimpleMidiMonitor;
			productReference = 763354BCBD566C5A051054F4;
			productType = "com.apple.product-type.application";
		};
		9AC2BEC6A8F951F56D51BF04 = {
			isa = PBXProject;
			buildConfigurationList = 4407CCEA64C8C59C10C0500B;
			attributes = { LastUpgradeCheck = 1100; ORGANIZATIONNAME = ""; TargetAttributes = { 91F1AE0B946037F568BF5A42 = { SystemCapabilities = {com.apple.ApplicationGroups.iOS = { enabled = 0; }; com.apple.InAppPurchase = { enabled = 0; }; com.apple.InterAppAudio = { enabled = 0; }; com.apple.Push = { enabled = 0; }; com.apple.Sandbox = { enabled = 0; }; com.apple.HardenedRuntime = { enabled = 0; }; }; }; }; };
			compatibilityVersion = "Xcode 3.2";
			hasScannedForEncodings = 0;
			mainGroup = 66207698999681C1B5723A29;
			projectDirPath = "";
			projectRoot = "";
			targets = (91F1AE0B946037F568BF5A42);
			knownRegions = (en, Base);
		};
	};
	rootObject = 9AC2BEC6A8F951F56D51BF04;
}
